
Microsoft Visual Studio Solution File, Format Version 12.00
# Visual Studio Version 17
VisualStudioVersion = 17.2.32526.322
MinimumVisualStudioVersion = 10.0.40219.1
Project("{FAE04EC0-301F-11D3-BF4B-00C04F79EFBC}") = "veriyonetim", "veriyonetim\veriyonetim.csproj", "{F6075B29-966D-4C18-B1DA-AC591394866D}"
EndProject
Global
	GlobalSection(SolutionConfigurationPlatforms) = preSolution
		Debug|Any CPU = Debug|Any CPU
		Release|Any CPU = Release|Any CPU
	EndGlobalSection
	GlobalSection(ProjectConfigurationPlatforms) = postSolution
		{F6075B29-966D-4C18-B1DA-AC591394866D}.Debug|Any CPU.ActiveCfg = Debug|Any CPU
		{F6075B29-966D-4C18-B1DA-AC591394866D}.Debug|Any CPU.Build.0 = Debug|Any CPU
		{F6075B29-966D-4C18-B1DA-AC591394866D}.Release|Any CPU.ActiveCfg = Release|Any CPU
		{F6075B29-966D-4C18-B1DA-AC591394866D}.Release|Any CPU.Build.0 = Release|Any CPU
	EndGlobalSection
	GlobalSection(SolutionProperties) = preSolution
		HideSolutionNode = FALSE
	EndGlobalSection
	GlobalSection(ExtensibilityGlobals) = postSolution
		SolutionGuid = {4F65ACB5-38BB-421A-BC5D-85C20BA6C403}
	EndGlobalSection
EndGlobal
